// !$*UTF8*$!
{
	archiveVersion = 1;
	classes = {
	};
	objectVersion = 56;
	objects = {

/* Begin PBXBuildFile section */
		066FE7E36B8DC0B41290881F /* Pods_Quoteslist.framework in Frameworks */ = {isa = PBXBuildFile; fileRef = 4C141CFB240A937A651C034D /* Pods_Quoteslist.framework */; };
		FD130C492A8E670A00235B0B /* WatchlistManagerPresenter.swift in Sources */ = {isa = PBXBuildFile; fileRef = FD130C482A8E670A00235B0B /* WatchlistManagerPresenter.swift */; };
		FD1F65F42A8BD943002893F7 /* AppDelegate.swift in Sources */ = {isa = PBXBuildFile; fileRef = FD1F65F32A8BD943002893F7 /* AppDelegate.swift */; };
		FD1F65F62A8BD943002893F7 /* SceneDelegate.swift in Sources */ = {isa = PBXBuildFile; fileRef = FD1F65F52A8BD943002893F7 /* SceneDelegate.swift */; };
		FD1F65F82A8BD943002893F7 /* WatchlistViewController.swift in Sources */ = {isa = PBXBuildFile; fileRef = FD1F65F72A8BD943002893F7 /* WatchlistViewController.swift */; };
		FD1F65FB2A8BD943002893F7 /* Main.storyboard in Resources */ = {isa = PBXBuildFile; fileRef = FD1F65F92A8BD943002893F7 /* Main.storyboard */; };
		FD1F65FD2A8BD944002893F7 /* Assets.xcassets in Resources */ = {isa = PBXBuildFile; fileRef = FD1F65FC2A8BD944002893F7 /* Assets.xcassets */; };
		FD1F66002A8BD944002893F7 /* LaunchScreen.storyboard in Resources */ = {isa = PBXBuildFile; fileRef = FD1F65FE2A8BD944002893F7 /* LaunchScreen.storyboard */; };
		FD4B808F2A93AA7D00D912E4 /* List+Extension.swift in Sources */ = {isa = PBXBuildFile; fileRef = FD4B808E2A93AA7D00D912E4 /* List+Extension.swift */; };
		FD50B4452A940353004EBC0B /* WatchlistsDataSource.swift in Sources */ = {isa = PBXBuildFile; fileRef = FD50B4442A940353004EBC0B /* WatchlistsDataSource.swift */; };
		FD50B4472A950CE6004EBC0B /* NetworkManager.swift in Sources */ = {isa = PBXBuildFile; fileRef = FD50B4462A950CE6004EBC0B /* NetworkManager.swift */; };
		FD50B44A2A9558FA004EBC0B /* URL+Extension.swift in Sources */ = {isa = PBXBuildFile; fileRef = FD50B4492A9558FA004EBC0B /* URL+Extension.swift */; };
		FD50B44C2A95E480004EBC0B /* ErrorAlertPresentable.swift in Sources */ = {isa = PBXBuildFile; fileRef = FD50B44B2A95E480004EBC0B /* ErrorAlertPresentable.swift */; };
		FD50B44E2A95EBDA004EBC0B /* SearchQuotesViewController.swift in Sources */ = {isa = PBXBuildFile; fileRef = FD50B44D2A95EBDA004EBC0B /* SearchQuotesViewController.swift */; };
		FD50B4512A95EC13004EBC0B /* SearchQuotesPresenter.swift in Sources */ = {isa = PBXBuildFile; fileRef = FD50B4502A95EC13004EBC0B /* SearchQuotesPresenter.swift */; };
		FD50B4562A95EEB8004EBC0B /* SearchQuotesResponse.swift in Sources */ = {isa = PBXBuildFile; fileRef = FD50B4552A95EEB8004EBC0B /* SearchQuotesResponse.swift */; };
		FD50B4582A95EF66004EBC0B /* SearchQuotesViewController.xib in Resources */ = {isa = PBXBuildFile; fileRef = FD50B4572A95EF66004EBC0B /* SearchQuotesViewController.xib */; };
		FD50B45A2A962A22004EBC0B /* NotificationName+Extension.swift in Sources */ = {isa = PBXBuildFile; fileRef = FD50B4592A962A22004EBC0B /* NotificationName+Extension.swift */; };
		FD51D11A2A902F94005C34E7 /* UIAlertController+Extension.swift in Sources */ = {isa = PBXBuildFile; fileRef = FD51D1192A902F94005C34E7 /* UIAlertController+Extension.swift */; };
		FD51D11F2A92CA18005C34E7 /* String+Extension.swift in Sources */ = {isa = PBXBuildFile; fileRef = FD51D11E2A92CA18005C34E7 /* String+Extension.swift */; };
		FD51D1212A92DD14005C34E7 /* Array+Extension.swift in Sources */ = {isa = PBXBuildFile; fileRef = FD51D1202A92DD14005C34E7 /* Array+Extension.swift */; };
		FD6E9EAF2A8E809300812C53 /* WatchlistManagerViewController.swift in Sources */ = {isa = PBXBuildFile; fileRef = FD130C472A8E66F800235B0B /* WatchlistManagerViewController.swift */; };
		FDA702BA2A8BDA11002E1DA1 /* Quote.swift in Sources */ = {isa = PBXBuildFile; fileRef = FDA702B92A8BDA11002E1DA1 /* Quote.swift */; };
		FDA702BC2A8BDA1A002E1DA1 /* Watchlist.swift in Sources */ = {isa = PBXBuildFile; fileRef = FDA702BB2A8BDA1A002E1DA1 /* Watchlist.swift */; };
		FDA702BF2A8CF220002E1DA1 /* WatchlistPresenter.swift in Sources */ = {isa = PBXBuildFile; fileRef = FDA702BE2A8CF220002E1DA1 /* WatchlistPresenter.swift */; };
		FDA702C12A8D78BA002E1DA1 /* QuoteTableViewCell.swift in Sources */ = {isa = PBXBuildFile; fileRef = FDA702C02A8D78BA002E1DA1 /* QuoteTableViewCell.swift */; };
		FDA702C32A8E11C0002E1DA1 /* EditEnabledDiffableDataSource.swift in Sources */ = {isa = PBXBuildFile; fileRef = FDA702C22A8E11C0002E1DA1 /* EditEnabledDiffableDataSource.swift */; };
		FDCC442A2A937D9E005C9CF5 /* UIImage+Extension.swift in Sources */ = {isa = PBXBuildFile; fileRef = FDCC44292A937D9E005C9CF5 /* UIImage+Extension.swift */; };
/* End PBXBuildFile section */

/* Begin PBXFileReference section */
		1C4592189C7669343D4323B7 /* Pods-Quoteslist.release.xcconfig */ = {isa = PBXFileReference; includeInIndex = 1; lastKnownFileType = text.xcconfig; name = "Pods-Quoteslist.release.xcconfig"; path = "Target Support Files/Pods-Quoteslist/Pods-Quoteslist.release.xcconfig"; sourceTree = "<group>"; };
		4C141CFB240A937A651C034D /* Pods_Quoteslist.framework */ = {isa = PBXFileReference; explicitFileType = wrapper.framework; includeInIndex = 0; path = Pods_Quoteslist.framework; sourceTree = BUILT_PRODUCTS_DIR; };
		A3C9C56AB6D6EBB131DA22E5 /* Pods-Quoteslist.debug.xcconfig */ = {isa = PBXFileReference; includeInIndex = 1; lastKnownFileType = text.xcconfig; name = "Pods-Quoteslist.debug.xcconfig"; path = "Target Support Files/Pods-Quoteslist/Pods-Quoteslist.debug.xcconfig"; sourceTree = "<group>"; };
		FD130C472A8E66F800235B0B /* WatchlistManagerViewController.swift */ = {isa = PBXFileReference; lastKnownFileType = sourcecode.swift; path = WatchlistManagerViewController.swift; sourceTree = "<group>"; };
		FD130C482A8E670A00235B0B /* WatchlistManagerPresenter.swift */ = {isa = PBXFileReference; lastKnownFileType = sourcecode.swift; path = WatchlistManagerPresenter.swift; sourceTree = "<group>"; };
		FD1F65F02A8BD943002893F7 /* Quoteslist.app */ = {isa = PBXFileReference; explicitFileType = wrapper.application; includeInIndex = 0; path = Quoteslist.app; sourceTree = BUILT_PRODUCTS_DIR; };
		FD1F65F32A8BD943002893F7 /* AppDelegate.swift */ = {isa = PBXFileReference; lastKnownFileType = sourcecode.swift; path = AppDelegate.swift; sourceTree = "<group>"; };
		FD1F65F52A8BD943002893F7 /* SceneDelegate.swift */ = {isa = PBXFileReference; lastKnownFileType = sourcecode.swift; path = SceneDelegate.swift; sourceTree = "<group>"; };
		FD1F65F72A8BD943002893F7 /* WatchlistViewController.swift */ = {isa = PBXFileReference; lastKnownFileType = sourcecode.swift; path = WatchlistViewController.swift; sourceTree = "<group>"; };
		FD1F65FA2A8BD943002893F7 /* Base */ = {isa = PBXFileReference; lastKnownFileType = file.storyboard; name = Base; path = Base.lproj/Main.storyboard; sourceTree = "<group>"; };
		FD1F65FC2A8BD944002893F7 /* Assets.xcassets */ = {isa = PBXFileReference; lastKnownFileType = folder.assetcatalog; path = Assets.xcassets; sourceTree = "<group>"; };
		FD1F65FF2A8BD944002893F7 /* Base */ = {isa = PBXFileReference; lastKnownFileType = file.storyboard; name = Base; path = Base.lproj/LaunchScreen.storyboard; sourceTree = "<group>"; };
		FD1F66012A8BD944002893F7 /* Info.plist */ = {isa = PBXFileReference; lastKnownFileType = text.plist.xml; path = Info.plist; sourceTree = "<group>"; };
		FD4B808E2A93AA7D00D912E4 /* List+Extension.swift */ = {isa = PBXFileReference; lastKnownFileType = sourcecode.swift; path = "List+Extension.swift"; sourceTree = "<group>"; };
		FD50B4442A940353004EBC0B /* WatchlistsDataSource.swift */ = {isa = PBXFileReference; lastKnownFileType = sourcecode.swift; path = WatchlistsDataSource.swift; sourceTree = "<group>"; };
		FD50B4462A950CE6004EBC0B /* NetworkManager.swift */ = {isa = PBXFileReference; lastKnownFileType = sourcecode.swift; path = NetworkManager.swift; sourceTree = "<group>"; };
		FD50B4492A9558FA004EBC0B /* URL+Extension.swift */ = {isa = PBXFileReference; lastKnownFileType = sourcecode.swift; path = "URL+Extension.swift"; sourceTree = "<group>"; };
		FD50B44B2A95E480004EBC0B /* ErrorAlertPresentable.swift */ = {isa = PBXFileReference; lastKnownFileType = sourcecode.swift; path = ErrorAlertPresentable.swift; sourceTree = "<group>"; };
		FD50B44D2A95EBDA004EBC0B /* SearchQuotesViewController.swift */ = {isa = PBXFileReference; lastKnownFileType = sourcecode.swift; path = SearchQuotesViewController.swift; sourceTree = "<group>"; };
		FD50B4502A95EC13004EBC0B /* SearchQuotesPresenter.swift */ = {isa = PBXFileReference; lastKnownFileType = sourcecode.swift; path = SearchQuotesPresenter.swift; sourceTree = "<group>"; };
		FD50B4552A95EEB8004EBC0B /* SearchQuotesResponse.swift */ = {isa = PBXFileReference; lastKnownFileType = sourcecode.swift; path = SearchQuotesResponse.swift; sourceTree = "<group>"; };
		FD50B4572A95EF66004EBC0B /* SearchQuotesViewController.xib */ = {isa = PBXFileReference; lastKnownFileType = file.xib; path = SearchQuotesViewController.xib; sourceTree = "<group>"; };
		FD50B4592A962A22004EBC0B /* NotificationName+Extension.swift */ = {isa = PBXFileReference; lastKnownFileType = sourcecode.swift; path = "NotificationName+Extension.swift"; sourceTree = "<group>"; };
		FD51D1192A902F94005C34E7 /* UIAlertController+Extension.swift */ = {isa = PBXFileReference; lastKnownFileType = sourcecode.swift; path = "UIAlertController+Extension.swift"; sourceTree = "<group>"; };
		FD51D11E2A92CA18005C34E7 /* String+Extension.swift */ = {isa = PBXFileReference; lastKnownFileType = sourcecode.swift; path = "String+Extension.swift"; sourceTree = "<group>"; };
		FD51D1202A92DD14005C34E7 /* Array+Extension.swift */ = {isa = PBXFileReference; lastKnownFileType = sourcecode.swift; path = "Array+Extension.swift"; sourceTree = "<group>"; };
		FDA702B92A8BDA11002E1DA1 /* Quote.swift */ = {isa = PBXFileReference; lastKnownFileType = sourcecode.swift; path = Quote.swift; sourceTree = "<group>"; };
		FDA702BB2A8BDA1A002E1DA1 /* Watchlist.swift */ = {isa = PBXFileReference; lastKnownFileType = sourcecode.swift; path = Watchlist.swift; sourceTree = "<group>"; };
		FDA702BE2A8CF220002E1DA1 /* WatchlistPresenter.swift */ = {isa = PBXFileReference; lastKnownFileType = sourcecode.swift; path = WatchlistPresenter.swift; sourceTree = "<group>"; };
		FDA702C02A8D78BA002E1DA1 /* QuoteTableViewCell.swift */ = {isa = PBXFileReference; lastKnownFileType = sourcecode.swift; path = QuoteTableViewCell.swift; sourceTree = "<group>"; };
		FDA702C22A8E11C0002E1DA1 /* EditEnabledDiffableDataSource.swift */ = {isa = PBXFileReference; lastKnownFileType = sourcecode.swift; path = EditEnabledDiffableDataSource.swift; sourceTree = "<group>"; };
		FDCC44292A937D9E005C9CF5 /* UIImage+Extension.swift */ = {isa = PBXFileReference; lastKnownFileType = sourcecode.swift; path = "UIImage+Extension.swift"; sourceTree = "<group>"; };
/* End PBXFileReference section */

/* Begin PBXFrameworksBuildPhase section */
		FD1F65ED2A8BD943002893F7 /* Frameworks */ = {
			isa = PBXFrameworksBuildPhase;
			buildActionMask = 2147483647;
			files = (
				066FE7E36B8DC0B41290881F /* Pods_Quoteslist.framework in Frameworks */,
			);
			runOnlyForDeploymentPostprocessing = 0;
		};
/* End PBXFrameworksBuildPhase section */

/* Begin PBXGroup section */
		92DD9EB6334B8C91B4477A40 /* Frameworks */ = {
			isa = PBXGroup;
			children = (
				4C141CFB240A937A651C034D /* Pods_Quoteslist.framework */,
			);
			name = Frameworks;
			sourceTree = "<group>";
		};
		D8EB7D0D65D4EAC175BBE5A7 /* Pods */ = {
			isa = PBXGroup;
			children = (
				A3C9C56AB6D6EBB131DA22E5 /* Pods-Quoteslist.debug.xcconfig */,
				1C4592189C7669343D4323B7 /* Pods-Quoteslist.release.xcconfig */,
			);
			path = Pods;
			sourceTree = "<group>";
		};
		FD130C452A8E635D00235B0B /* WatchlistManager */ = {
			isa = PBXGroup;
			children = (
				FD130C472A8E66F800235B0B /* WatchlistManagerViewController.swift */,
				FD130C482A8E670A00235B0B /* WatchlistManagerPresenter.swift */,
			);
			path = WatchlistManager;
			sourceTree = "<group>";
		};
		FD130C462A8E637400235B0B /* Views */ = {
			isa = PBXGroup;
			children = (
				FD1F65F92A8BD943002893F7 /* Main.storyboard */,
				FDA702C22A8E11C0002E1DA1 /* EditEnabledDiffableDataSource.swift */,
				FDA702BD2A8CF208002E1DA1 /* Watchlist */,
				FD130C452A8E635D00235B0B /* WatchlistManager */,
				FD50B44F2A95EBE7004EBC0B /* SearchQuotes */,
			);
			path = Views;
			sourceTree = "<group>";
		};
		FD1F65E72A8BD943002893F7 = {
			isa = PBXGroup;
			children = (
				FD1F65F22A8BD943002893F7 /* Quoteslist */,
				FD1F65F12A8BD943002893F7 /* Products */,
				D8EB7D0D65D4EAC175BBE5A7 /* Pods */,
				92DD9EB6334B8C91B4477A40 /* Frameworks */,
			);
			sourceTree = "<group>";
		};
		FD1F65F12A8BD943002893F7 /* Products */ = {
			isa = PBXGroup;
			children = (
				FD1F65F02A8BD943002893F7 /* Quoteslist.app */,
			);
			name = Products;
			sourceTree = "<group>";
		};
		FD1F65F22A8BD943002893F7 /* Quoteslist */ = {
			isa = PBXGroup;
			children = (
				FD1F65F32A8BD943002893F7 /* AppDelegate.swift */,
				FD1F65F52A8BD943002893F7 /* SceneDelegate.swift */,
				FD50B44B2A95E480004EBC0B /* ErrorAlertPresentable.swift */,
				FD50B4482A9558BD004EBC0B /* Networking */,
				FD51D11D2A92CA02005C34E7 /* Extension */,
				FDA702B82A8BDA04002E1DA1 /* Models */,
				FD130C462A8E637400235B0B /* Views */,
				FD1F65FC2A8BD944002893F7 /* Assets.xcassets */,
				FD1F65FE2A8BD944002893F7 /* LaunchScreen.storyboard */,
				FD1F66012A8BD944002893F7 /* Info.plist */,
			);
			path = Quoteslist;
			sourceTree = "<group>";
		};
		FD50B4482A9558BD004EBC0B /* Networking */ = {
			isa = PBXGroup;
			children = (
				FD50B4462A950CE6004EBC0B /* NetworkManager.swift */,
				FD50B4492A9558FA004EBC0B /* URL+Extension.swift */,
				FD50B4542A95EE9E004EBC0B /* NetworkModels */,
			);
			path = Networking;
			sourceTree = "<group>";
		};
		FD50B44F2A95EBE7004EBC0B /* SearchQuotes */ = {
			isa = PBXGroup;
			children = (
				FD50B44D2A95EBDA004EBC0B /* SearchQuotesViewController.swift */,
				FD50B4572A95EF66004EBC0B /* SearchQuotesViewController.xib */,
				FD50B4502A95EC13004EBC0B /* SearchQuotesPresenter.swift */,
			);
			path = SearchQuotes;
			sourceTree = "<group>";
		};
		FD50B4542A95EE9E004EBC0B /* NetworkModels */ = {
			isa = PBXGroup;
			children = (
				FD50B4552A95EEB8004EBC0B /* SearchQuotesResponse.swift */,
			);
			path = NetworkModels;
			sourceTree = "<group>";
		};
		FD51D11D2A92CA02005C34E7 /* Extension */ = {
			isa = PBXGroup;
			children = (
				FD51D11E2A92CA18005C34E7 /* String+Extension.swift */,
				FD51D1202A92DD14005C34E7 /* Array+Extension.swift */,
				FD51D1192A902F94005C34E7 /* UIAlertController+Extension.swift */,
				FDCC44292A937D9E005C9CF5 /* UIImage+Extension.swift */,
				FD4B808E2A93AA7D00D912E4 /* List+Extension.swift */,
				FD50B4592A962A22004EBC0B /* NotificationName+Extension.swift */,
			);
			path = Extension;
			sourceTree = "<group>";
		};
		FDA702B82A8BDA04002E1DA1 /* Models */ = {
			isa = PBXGroup;
			children = (
				FDA702B92A8BDA11002E1DA1 /* Quote.swift */,
				FDA702BB2A8BDA1A002E1DA1 /* Watchlist.swift */,
				FD50B4442A940353004EBC0B /* WatchlistsDataSource.swift */,
			);
			path = Models;
			sourceTree = "<group>";
		};
		FDA702BD2A8CF208002E1DA1 /* Watchlist */ = {
			isa = PBXGroup;
			children = (
				FD1F65F72A8BD943002893F7 /* WatchlistViewController.swift */,
				FDA702BE2A8CF220002E1DA1 /* WatchlistPresenter.swift */,
				FDA702C02A8D78BA002E1DA1 /* QuoteTableViewCell.swift */,
			);
			path = Watchlist;
			sourceTree = "<group>";
		};
/* End PBXGroup section */

/* Begin PBXNativeTarget section */
		FD1F65EF2A8BD943002893F7 /* Quoteslist */ = {
			isa = PBXNativeTarget;
			buildConfigurationList = FD1F66042A8BD944002893F7 /* Build configuration list for PBXNativeTarget "Quoteslist" */;
			buildPhases = (
				AC85C0E238B6B654B53B6F04 /* [CP] Check Pods Manifest.lock */,
				FD1F65EC2A8BD943002893F7 /* Sources */,
				FD1F65ED2A8BD943002893F7 /* Frameworks */,
				FD1F65EE2A8BD943002893F7 /* Resources */,
				FD6E9EB02A8FA82800812C53 /* ShellScript */,
				4EB1D377B6227AA93118F9C8 /* [CP] Embed Pods Frameworks */,
			);
			buildRules = (
			);
			dependencies = (
			);
			name = Quoteslist;
			productName = Quoteslist;
			productReference = FD1F65F02A8BD943002893F7 /* Quoteslist.app */;
			productType = "com.apple.product-type.application";
		};
/* End PBXNativeTarget section */

/* Begin PBXProject section */
		FD1F65E82A8BD943002893F7 /* Project object */ = {
			isa = PBXProject;
			attributes = {
				BuildIndependentTargetsInParallel = 1;
				LastSwiftUpdateCheck = 1430;
				LastUpgradeCheck = 1430;
				TargetAttributes = {
					FD1F65EF2A8BD943002893F7 = {
						CreatedOnToolsVersion = 14.3.1;
					};
				};
			};
			buildConfigurationList = FD1F65EB2A8BD943002893F7 /* Build configuration list for PBXProject "Quoteslist" */;
			compatibilityVersion = "Xcode 14.0";
			developmentRegion = en;
			hasScannedForEncodings = 0;
			knownRegions = (
				en,
				Base,
			);
			mainGroup = FD1F65E72A8BD943002893F7;
			productRefGroup = FD1F65F12A8BD943002893F7 /* Products */;
			projectDirPath = "";
			projectRoot = "";
			targets = (
				FD1F65EF2A8BD943002893F7 /* Quoteslist */,
			);
		};
/* End PBXProject section */

/* Begin PBXResourcesBuildPhase section */
		FD1F65EE2A8BD943002893F7 /* Resources */ = {
			isa = PBXResourcesBuildPhase;
			buildActionMask = 2147483647;
			files = (
				FD1F66002A8BD944002893F7 /* LaunchScreen.storyboard in Resources */,
				FD1F65FD2A8BD944002893F7 /* Assets.xcassets in Resources */,
				FD50B4582A95EF66004EBC0B /* SearchQuotesViewController.xib in Resources */,
				FD1F65FB2A8BD943002893F7 /* Main.storyboard in Resources */,
			);
			runOnlyForDeploymentPostprocessing = 0;
		};
/* End PBXResourcesBuildPhase section */

/* Begin PBXShellScriptBuildPhase section */
		4EB1D377B6227AA93118F9C8 /* [CP] Embed Pods Frameworks */ = {
			isa = PBXShellScriptBuildPhase;
			buildActionMask = 2147483647;
			files = (
			);
			inputFileListPaths = (
				"${PODS_ROOT}/Target Support Files/Pods-Quoteslist/Pods-Quoteslist-frameworks-${CONFIGURATION}-input-files.xcfilelist",
			);
			name = "[CP] Embed Pods Frameworks";
			outputFileListPaths = (
				"${PODS_ROOT}/Target Support Files/Pods-Quoteslist/Pods-Quoteslist-frameworks-${CONFIGURATION}-output-files.xcfilelist",
			);
			runOnlyForDeploymentPostprocessing = 0;
			shellPath = /bin/sh;
			shellScript = "\"${PODS_ROOT}/Target Support Files/Pods-Quoteslist/Pods-Quoteslist-frameworks.sh\"\n";
			showEnvVarsInLog = 0;
		};
		AC85C0E238B6B654B53B6F04 /* [CP] Check Pods Manifest.lock */ = {
			isa = PBXShellScriptBuildPhase;
			buildActionMask = 2147483647;
			files = (
			);
			inputFileListPaths = (
			);
			inputPaths = (
				"${PODS_PODFILE_DIR_PATH}/Podfile.lock",
				"${PODS_ROOT}/Manifest.lock",
			);
			name = "[CP] Check Pods Manifest.lock";
			outputFileListPaths = (
			);
			outputPaths = (
				"$(DERIVED_FILE_DIR)/Pods-Quoteslist-checkManifestLockResult.txt",
			);
			runOnlyForDeploymentPostprocessing = 0;
			shellPath = /bin/sh;
			shellScript = "diff \"${PODS_PODFILE_DIR_PATH}/Podfile.lock\" \"${PODS_ROOT}/Manifest.lock\" > /dev/null\nif [ $? != 0 ] ; then\n    # print error to STDERR\n    echo \"error: The sandbox is not in sync with the Podfile.lock. Run 'pod install' or update your CocoaPods installation.\" >&2\n    exit 1\nfi\n# This output is used by Xcode 'outputs' to avoid re-running this script phase.\necho \"SUCCESS\" > \"${SCRIPT_OUTPUT_FILE_0}\"\n";
			showEnvVarsInLog = 0;
		};
		FD6E9EB02A8FA82800812C53 /* ShellScript */ = {
			isa = PBXShellScriptBuildPhase;
			alwaysOutOfDate = 1;
			buildActionMask = 2147483647;
			files = (
			);
			inputFileListPaths = (
			);
			inputPaths = (
			);
			outputFileListPaths = (
			);
			outputPaths = (
			);
			runOnlyForDeploymentPostprocessing = 0;
			shellPath = /bin/sh;
			shellScript = "# Type a script or drag a script file from your workspace to insert its path.\n\"${PODS_ROOT}/SwiftLint/swiftlint\"\n";
		};
/* End PBXShellScriptBuildPhase section */

/* Begin PBXSourcesBuildPhase section */
		FD1F65EC2A8BD943002893F7 /* Sources */ = {
			isa = PBXSourcesBuildPhase;
			buildActionMask = 2147483647;
			files = (
				FD50B4512A95EC13004EBC0B /* SearchQuotesPresenter.swift in Sources */,
				FDA702BF2A8CF220002E1DA1 /* WatchlistPresenter.swift in Sources */,
				FDCC442A2A937D9E005C9CF5 /* UIImage+Extension.swift in Sources */,
				FD50B44E2A95EBDA004EBC0B /* SearchQuotesViewController.swift in Sources */,
				FD130C492A8E670A00235B0B /* WatchlistManagerPresenter.swift in Sources */,
				FDA702BA2A8BDA11002E1DA1 /* Quote.swift in Sources */,
				FD1F65F82A8BD943002893F7 /* WatchlistViewController.swift in Sources */,
				FD50B44A2A9558FA004EBC0B /* URL+Extension.swift in Sources */,
				FD51D11F2A92CA18005C34E7 /* String+Extension.swift in Sources */,
				FD1F65F42A8BD943002893F7 /* AppDelegate.swift in Sources */,
				FD50B44C2A95E480004EBC0B /* ErrorAlertPresentable.swift in Sources */,
				FDA702C12A8D78BA002E1DA1 /* QuoteTableViewCell.swift in Sources */,
				FD4B808F2A93AA7D00D912E4 /* List+Extension.swift in Sources */,
				FD50B4452A940353004EBC0B /* WatchlistsDataSource.swift in Sources */,
				FD50B45A2A962A22004EBC0B /* NotificationName+Extension.swift in Sources */,
				FD50B4472A950CE6004EBC0B /* NetworkManager.swift in Sources */,
				FD6E9EAF2A8E809300812C53 /* WatchlistManagerViewController.swift in Sources */,
				FD51D11A2A902F94005C34E7 /* UIAlertController+Extension.swift in Sources */,
				FDA702BC2A8BDA1A002E1DA1 /* Watchlist.swift in Sources */,
				FD50B4562A95EEB8004EBC0B /* SearchQuotesResponse.swift in Sources */,
				FD1F65F62A8BD943002893F7 /* SceneDelegate.swift in Sources */,
				FD51D1212A92DD14005C34E7 /* Array+Extension.swift in Sources */,
				FDA702C32A8E11C0002E1DA1 /* EditEnabledDiffableDataSource.swift in Sources */,
			);
			runOnlyForDeploymentPostprocessing = 0;
		};
/* End PBXSourcesBuildPhase section */

/* Begin PBXVariantGroup section */
		FD1F65F92A8BD943002893F7 /* Main.storyboard */ = {
			isa = PBXVariantGroup;
			children = (
				FD1F65FA2A8BD943002893F7 /* Base */,
			);
			name = Main.storyboard;
			sourceTree = "<group>";
		};
		FD1F65FE2A8BD944002893F7 /* LaunchScreen.storyboard */ = {
			isa = PBXVariantGroup;
			children = (
				FD1F65FF2A8BD944002893F7 /* Base */,
			);
			name = LaunchScreen.storyboard;
			sourceTree = "<group>";
		};
/* End PBXVariantGroup section */

/* Begin XCBuildConfiguration section */
		FD1F66022A8BD944002893F7 /* Debug */ = {
			isa = XCBuildConfiguration;
			buildSettings = {
				ALWAYS_SEARCH_USER_PATHS = NO;
				CLANG_ANALYZER_NONNULL = YES;
				CLANG_ANALYZER_NUMBER_OBJECT_CONVERSION = YES_AGGRESSIVE;
				CLANG_CXX_LANGUAGE_STANDARD = "gnu++20";
				CLANG_ENABLE_MODULES = YES;
				CLANG_ENABLE_OBJC_ARC = YES;
				CLANG_ENABLE_OBJC_WEAK = YES;
				CLANG_WARN_BLOCK_CAPTURE_AUTORELEASING = YES;
				CLANG_WARN_BOOL_CONVERSION = YES;
				CLANG_WARN_COMMA = YES;
				CLANG_WARN_CONSTANT_CONVERSION = YES;
				CLANG_WARN_DEPRECATED_OBJC_IMPLEMENTATIONS = YES;
				CLANG_WARN_DIRECT_OBJC_ISA_USAGE = YES_ERROR;
				CLANG_WARN_DOCUMENTATION_COMMENTS = YES;
				CLANG_WARN_EMPTY_BODY = YES;
				CLANG_WARN_ENUM_CONVERSION = YES;
				CLANG_WARN_INFINITE_RECURSION = YES;
				CLANG_WARN_INT_CONVERSION = YES;
				CLANG_WARN_NON_LITERAL_NULL_CONVERSION = YES;
				CLANG_WARN_OBJC_IMPLICIT_RETAIN_SELF = YES;
				CLANG_WARN_OBJC_LITERAL_CONVERSION = YES;
				CLANG_WARN_OBJC_ROOT_CLASS = YES_ERROR;
				CLANG_WARN_QUOTED_INCLUDE_IN_FRAMEWORK_HEADER = YES;
				CLANG_WARN_RANGE_LOOP_ANALYSIS = YES;
				CLANG_WARN_STRICT_PROTOTYPES = YES;
				CLANG_WARN_SUSPICIOUS_MOVE = YES;
				CLANG_WARN_UNGUARDED_AVAILABILITY = YES_AGGRESSIVE;
				CLANG_WARN_UNREACHABLE_CODE = YES;
				CLANG_WARN__DUPLICATE_METHOD_MATCH = YES;
				COPY_PHASE_STRIP = NO;
				DEBUG_INFORMATION_FORMAT = dwarf;
				ENABLE_STRICT_OBJC_MSGSEND = YES;
				ENABLE_TESTABILITY = YES;
				GCC_C_LANGUAGE_STANDARD = gnu11;
				GCC_DYNAMIC_NO_PIC = NO;
				GCC_NO_COMMON_BLOCKS = YES;
				GCC_OPTIMIZATION_LEVEL = 0;
				GCC_PREPROCESSOR_DEFINITIONS = (
					"DEBUG=1",
					"$(inherited)",
				);
				GCC_WARN_64_TO_32_BIT_CONVERSION = YES;
				GCC_WARN_ABOUT_RETURN_TYPE = YES_ERROR;
				GCC_WARN_UNDECLARED_SELECTOR = YES;
				GCC_WARN_UNINITIALIZED_AUTOS = YES_AGGRESSIVE;
				GCC_WARN_UNUSED_FUNCTION = YES;
				GCC_WARN_UNUSED_VARIABLE = YES;
				IPHONEOS_DEPLOYMENT_TARGET = 16.4;
				MTL_ENABLE_DEBUG_INFO = INCLUDE_SOURCE;
				MTL_FAST_MATH = YES;
				ONLY_ACTIVE_ARCH = YES;
				SDKROOT = iphoneos;
				SWIFT_ACTIVE_COMPILATION_CONDITIONS = DEBUG;
				SWIFT_OPTIMIZATION_LEVEL = "-Onone";
			};
			name = Debug;
		};
		FD1F66032A8BD944002893F7 /* Release */ = {
			isa = XCBuildConfiguration;
			buildSettings = {
				ALWAYS_SEARCH_USER_PATHS = NO;
				CLANG_ANALYZER_NONNULL = YES;
				CLANG_ANALYZER_NUMBER_OBJECT_CONVERSION = YES_AGGRESSIVE;
				CLANG_CXX_LANGUAGE_STANDARD = "gnu++20";
				CLANG_ENABLE_MODULES = YES;
				CLANG_ENABLE_OBJC_ARC = YES;
				CLANG_ENABLE_OBJC_WEAK = YES;
				CLANG_WARN_BLOCK_CAPTURE_AUTORELEASING = YES;
				CLANG_WARN_BOOL_CONVERSION = YES;
				CLANG_WARN_COMMA = YES;
				CLANG_WARN_CONSTANT_CONVERSION = YES;
				CLANG_WARN_DEPRECATED_OBJC_IMPLEMENTATIONS = YES;
				CLANG_WARN_DIRECT_OBJC_ISA_USAGE = YES_ERROR;
				CLANG_WARN_DOCUMENTATION_COMMENTS = YES;
				CLANG_WARN_EMPTY_BODY = YES;
				CLANG_WARN_ENUM_CONVERSION = YES;
				CLANG_WARN_INFINITE_RECURSION = YES;
				CLANG_WARN_INT_CONVERSION = YES;
				CLANG_WARN_NON_LITERAL_NULL_CONVERSION = YES;
				CLANG_WARN_OBJC_IMPLICIT_RETAIN_SELF = YES;
				CLANG_WARN_OBJC_LITERAL_CONVERSION = YES;
				CLANG_WARN_OBJC_ROOT_CLASS = YES_ERROR;
				CLANG_WARN_QUOTED_INCLUDE_IN_FRAMEWORK_HEADER = YES;
				CLANG_WARN_RANGE_LOOP_ANALYSIS = YES;
				CLANG_WARN_STRICT_PROTOTYPES = YES;
				CLANG_WARN_SUSPICIOUS_MOVE = YES;
				CLANG_WARN_UNGUARDED_AVAILABILITY = YES_AGGRESSIVE;
				CLANG_WARN_UNREACHABLE_CODE = YES;
				CLANG_WARN__DUPLICATE_METHOD_MATCH = YES;
				COPY_PHASE_STRIP = NO;
				DEBUG_INFORMATION_FORMAT = "dwarf-with-dsym";
				ENABLE_NS_ASSERTIONS = NO;
				ENABLE_STRICT_OBJC_MSGSEND = YES;
				GCC_C_LANGUAGE_STANDARD = gnu11;
				GCC_NO_COMMON_BLOCKS = YES;
				GCC_WARN_64_TO_32_BIT_CONVERSION = YES;
				GCC_WARN_ABOUT_RETURN_TYPE = YES_ERROR;
				GCC_WARN_UNDECLARED_SELECTOR = YES;
				GCC_WARN_UNINITIALIZED_AUTOS = YES_AGGRESSIVE;
				GCC_WARN_UNUSED_FUNCTION = YES;
				GCC_WARN_UNUSED_VARIABLE = YES;
				IPHONEOS_DEPLOYMENT_TARGET = 16.4;
				MTL_ENABLE_DEBUG_INFO = NO;
				MTL_FAST_MATH = YES;
				SDKROOT = iphoneos;
				SWIFT_COMPILATION_MODE = wholemodule;
				SWIFT_OPTIMIZATION_LEVEL = "-O";
				VALIDATE_PRODUCT = YES;
			};
			name = Release;
		};
		FD1F66052A8BD944002893F7 /* Debug */ = {
			isa = XCBuildConfiguration;
			baseConfigurationReference = A3C9C56AB6D6EBB131DA22E5 /* Pods-Quoteslist.debug.xcconfig */;
			buildSettings = {
				ASSETCATALOG_COMPILER_APPICON_NAME = AppIcon;
				ASSETCATALOG_COMPILER_GLOBAL_ACCENT_COLOR_NAME = AccentColor;
				CODE_SIGN_STYLE = Automatic;
				CURRENT_PROJECT_VERSION = 1;
				DEVELOPMENT_TEAM = B6N47R8A8L;
				GENERATE_INFOPLIST_FILE = YES;
				INFOPLIST_FILE = Quoteslist/Info.plist;
				INFOPLIST_KEY_CFBundleDisplayName = Quotelist;
				INFOPLIST_KEY_UIApplicationSupportsIndirectInputEvents = YES;
				INFOPLIST_KEY_UILaunchStoryboardName = LaunchScreen;
				INFOPLIST_KEY_UIMainStoryboardFile = Main;
				INFOPLIST_KEY_UISupportedInterfaceOrientations_iPad = "UIInterfaceOrientationPortrait UIInterfaceOrientationPortraitUpsideDown UIInterfaceOrientationLandscapeLeft UIInterfaceOrientationLandscapeRight";
				INFOPLIST_KEY_UISupportedInterfaceOrientations_iPhone = "UIInterfaceOrientationPortrait UIInterfaceOrientationLandscapeLeft UIInterfaceOrientationLandscapeRight";
				IPHONEOS_DEPLOYMENT_TARGET = 16.0;
				LD_RUNPATH_SEARCH_PATHS = (
					"$(inherited)",
					"@executable_path/Frameworks",
				);
				MARKETING_VERSION = 1.0;
				PRODUCT_BUNDLE_IDENTIFIER = AK.Quoteslist;
				PRODUCT_NAME = "$(TARGET_NAME)";
				SWIFT_EMIT_LOC_STRINGS = YES;
				SWIFT_VERSION = 5.0;
				TARGETED_DEVICE_FAMILY = "1,2";
			};
			name = Debug;
		};
		FD1F66062A8BD944002893F7 /* Release */ = {
			isa = XCBuildConfiguration;
			baseConfigurationReference = 1C4592189C7669343D4323B7 /* Pods-Quoteslist.release.xcconfig */;
			buildSettings = {
				ASSETCATALOG_COMPILER_APPICON_NAME = AppIcon;
				ASSETCATALOG_COMPILER_GLOBAL_ACCENT_COLOR_NAME = AccentColor;
				CODE_SIGN_STYLE = Automatic;
				CURRENT_PROJECT_VERSION = 1;
				DEVELOPMENT_TEAM = B6N47R8A8L;
				GENERATE_INFOPLIST_FILE = YES;
				INFOPLIST_FILE = Quoteslist/Info.plist;
				INFOPLIST_KEY_CFBundleDisplayName = Quotelist;
				INFOPLIST_KEY_UIApplicationSupportsIndirectInputEvents = YES;
				INFOPLIST_KEY_UILaunchStoryboardName = LaunchScreen;
				INFOPLIST_KEY_UIMainStoryboardFile = Main;
				INFOPLIST_KEY_UISupportedInterfaceOrientations_iPad = "UIInterfaceOrientationPortrait UIInterfaceOrientationPortraitUpsideDown UIInterfaceOrientationLandscapeLeft UIInterfaceOrientationLandscapeRight";
				INFOPLIST_KEY_UISupportedInterfaceOrientations_iPhone = "UIInterfaceOrientationPortrait UIInterfaceOrientationLandscapeLeft UIInterfaceOrientationLandscapeRight";
				IPHONEOS_DEPLOYMENT_TARGET = 16.0;
				LD_RUNPATH_SEARCH_PATHS = (
					"$(inherited)",
					"@executable_path/Frameworks",
				);
				MARKETING_VERSION = 1.0;
				PRODUCT_BUNDLE_IDENTIFIER = AK.Quoteslist;
				PRODUCT_NAME = "$(TARGET_NAME)";
				SWIFT_EMIT_LOC_STRINGS = YES;
				SWIFT_VERSION = 5.0;
				TARGETED_DEVICE_FAMILY = "1,2";
			};
			name = Release;
		};
/* End XCBuildConfiguration section */

/* Begin XCConfigurationList section */
		FD1F65EB2A8BD943002893F7 /* Build configuration list for PBXProject "Quoteslist" */ = {
			isa = XCConfigurationList;
			buildConfigurations = (
				FD1F66022A8BD944002893F7 /* Debug */,
				FD1F66032A8BD944002893F7 /* Release */,
			);
			defaultConfigurationIsVisible = 0;
			defaultConfigurationName = Release;
		};
		FD1F66042A8BD944002893F7 /* Build configuration list for PBXNativeTarget "Quoteslist" */ = {
			isa = XCConfigurationList;
			buildConfigurations = (
				FD1F66052A8BD944002893F7 /* Debug */,
				FD1F66062A8BD944002893F7 /* Release */,
			);
			defaultConfigurationIsVisible = 0;
			defaultConfigurationName = Release;
		};
/* End XCConfigurationList section */
	};
	rootObject = FD1F65E82A8BD943002893F7 /* Project object */;
}
